
Microsoft Visual Studio Solution File, Format Version 12.00
# Visual Studio Version 17
VisualStudioVersion = 17.8.34330.188
MinimumVisualStudioVersion = 10.0.40219.1
Project("{FAE04EC0-301F-11D3-BF4B-00C04F79EFBC}") = "Ada.Loja", "Ada.Loja\Ada.Loja.csproj", "{F90C1BA8-0879-41B3-9834-E9FA88FACDE3}"
EndProject
Project("{FAE04EC0-301F-11D3-BF4B-00C04F79EFBC}") = "Ada.Loja.Tests", "Ada.Loja.Tests\Ada.Loja.Tests.csproj", "{55764221-DBED-4543-85EA-87F09A875507}"
EndProject
Global
	GlobalSection(SolutionConfigurationPlatforms) = preSolution
		Debug|Any CPU = Debug|Any CPU
		Release|Any CPU = Release|Any CPU
	EndGlobalSection
	GlobalSection(ProjectConfigurationPlatforms) = postSolution
		{F90C1BA8-0879-41B3-9834-E9FA88FACDE3}.Debug|Any CPU.ActiveCfg = Debug|Any CPU
		{F90C1BA8-0879-41B3-9834-E9FA88FACDE3}.Debug|Any CPU.Build.0 = Debug|Any CPU
		{F90C1BA8-0879-41B3-9834-E9FA88FACDE3}.Release|Any CPU.ActiveCfg = Release|Any CPU
		{F90C1BA8-0879-41B3-9834-E9FA88FACDE3}.Release|Any CPU.Build.0 = Release|Any CPU
		{55764221-DBED-4543-85EA-87F09A875507}.Debug|Any CPU.ActiveCfg = Debug|Any CPU
		{55764221-DBED-4543-85EA-87F09A875507}.Debug|Any CPU.Build.0 = Debug|Any CPU
		{55764221-DBED-4543-85EA-87F09A875507}.Release|Any CPU.ActiveCfg = Release|Any CPU
		{55764221-DBED-4543-85EA-87F09A875507}.Release|Any CPU.Build.0 = Release|Any CPU
	EndGlobalSection
	GlobalSection(SolutionProperties) = preSolution
		HideSolutionNode = FALSE
	EndGlobalSection
	GlobalSection(ExtensibilityGlobals) = postSolution
		SolutionGuid = {95E227E3-F895-4156-9DD0-9102625FDF91}
	EndGlobalSection
EndGlobal
